{
  "name": "dv3sel",
  "version": "0.0.1",
  "lockfileVersion": 1,
  "requires": true,
  "dependencies": {
    "jquery": {
      "version": "3.2.1",
      "resolved": "https://registry.npmjs.org/jquery/-/jquery-3.2.1.tgz",
      "integrity": "sha1-XE2d5lKvbNCncBVKYxu6ErAVx4c="
    },
    "s-is": {
      "version": "1.4.11",
      "resolved": "https://registry.npmjs.org/s-is/-/s-is-1.4.11.tgz",
      "integrity": "sha1-e9O4U7Bjlahnf7h7BqIGugc/+To="
    }
  }
}
